
Microsoft Visual Studio Solution File, Format Version 12.00
# Visual Studio Version 17
VisualStudioVersion = 17.11.35303.130
MinimumVisualStudioVersion = 10.0.40219.1
Project("{9A19103F-16F7-4668-BE54-9A1E7A4F7556}") = "API_filme", "API_filme\API_filme.csproj", "{30B8F6DE-F8F0-4F19-BC19-9C04C2042CC6}"
EndProject
Global
	GlobalSection(SolutionConfigurationPlatforms) = preSolution
		Debug|Any CPU = Debug|Any CPU
		Release|Any CPU = Release|Any CPU
	EndGlobalSection
	GlobalSection(ProjectConfigurationPlatforms) = postSolution
		{30B8F6DE-F8F0-4F19-BC19-9C04C2042CC6}.Debug|Any CPU.ActiveCfg = Debug|Any CPU
		{30B8F6DE-F8F0-4F19-BC19-9C04C2042CC6}.Debug|Any CPU.Build.0 = Debug|Any CPU
		{30B8F6DE-F8F0-4F19-BC19-9C04C2042CC6}.Release|Any CPU.ActiveCfg = Release|Any CPU
		{30B8F6DE-F8F0-4F19-BC19-9C04C2042CC6}.Release|Any CPU.Build.0 = Release|Any CPU
	EndGlobalSection
	GlobalSection(SolutionProperties) = preSolution
		HideSolutionNode = FALSE
	EndGlobalSection
	GlobalSection(ExtensibilityGlobals) = postSolution
		SolutionGuid = {75926730-47EE-4922-87BC-F6A38BAA8F70}
	EndGlobalSection
EndGlobal
